
Microsoft Visual Studio Solution File, Format Version 12.00
# Visual Studio Version 16
VisualStudioVersion = 16.0.28803.352
MinimumVisualStudioVersion = 15.0.26124.0
Project("{2150E333-8FDC-42A3-9474-1A3956D46DE8}") = "src", "src", "{B376C3D9-A0A3-4ED4-A311-42BAB02677FE}"
EndProject
Project("{2150E333-8FDC-42A3-9474-1A3956D46DE8}") = "tests", "tests", "{FB16866A-48B7-4175-BBF9-6430A4C80DCA}"
EndProject
Project("{9A19103F-16F7-4668-BE54-9A1E7A4F7556}") = "XTMF2.Web.UnitTests", "tests\XTMF2.Web.UnitTests\XTMF2.Web.UnitTests.csproj", "{C4B064DE-A49B-4B4D-BCD6-9CF62A584462}"
EndProject
Project("{9A19103F-16F7-4668-BE54-9A1E7A4F7556}") = "XTMF2.Web.Components", "src\XTMF2.Web.Components\XTMF2.Web.Components.csproj", "{B5F6D0B7-80B4-4C8C-ACEC-83A8F14095B5}"
EndProject
Project("{9A19103F-16F7-4668-BE54-9A1E7A4F7556}") = "XTMF2.Web.Data", "src\XTMF2.Web.Data\XTMF2.Web.Data.csproj", "{937DD95F-C3A0-4EA0-A52E-5A2280E548C8}"
EndProject
Project("{9A19103F-16F7-4668-BE54-9A1E7A4F7556}") = "XTMF2.Web.Client", "src\XTMF2.Web.Client\XTMF2.Web.Client.csproj", "{8A878F17-6A71-4814-A108-4C086D142C15}"
EndProject
Project("{9A19103F-16F7-4668-BE54-9A1E7A4F7556}") = "XTMF2.Web.Server", "src\XTMF2.Web.Server\XTMF2.Web.Server.csproj", "{E64F2DDF-55A0-49CA-BCBF-1DDB6A47795C}"
EndProject
Global
	GlobalSection(SolutionConfigurationPlatforms) = preSolution
		Debug|Any CPU = Debug|Any CPU
		Debug|x64 = Debug|x64
		Debug|x86 = Debug|x86
		Release|Any CPU = Release|Any CPU
		Release|x64 = Release|x64
		Release|x86 = Release|x86
	EndGlobalSection
	GlobalSection(ProjectConfigurationPlatforms) = postSolution
		{C4B064DE-A49B-4B4D-BCD6-9CF62A584462}.Debug|Any CPU.ActiveCfg = Debug|Any CPU
		{C4B064DE-A49B-4B4D-BCD6-9CF62A584462}.Debug|Any CPU.Build.0 = Debug|Any CPU
		{C4B064DE-A49B-4B4D-BCD6-9CF62A584462}.Debug|x64.ActiveCfg = Debug|Any CPU
		{C4B064DE-A49B-4B4D-BCD6-9CF62A584462}.Debug|x64.Build.0 = Debug|Any CPU
		{C4B064DE-A49B-4B4D-BCD6-9CF62A584462}.Debug|x86.ActiveCfg = Debug|Any CPU
		{C4B064DE-A49B-4B4D-BCD6-9CF62A584462}.Debug|x86.Build.0 = Debug|Any CPU
		{C4B064DE-A49B-4B4D-BCD6-9CF62A584462}.Release|Any CPU.ActiveCfg = Release|Any CPU
		{C4B064DE-A49B-4B4D-BCD6-9CF62A584462}.Release|Any CPU.Build.0 = Release|Any CPU
		{C4B064DE-A49B-4B4D-BCD6-9CF62A584462}.Release|x64.ActiveCfg = Release|Any CPU
		{C4B064DE-A49B-4B4D-BCD6-9CF62A584462}.Release|x64.Build.0 = Release|Any CPU
		{C4B064DE-A49B-4B4D-BCD6-9CF62A584462}.Release|x86.ActiveCfg = Release|Any CPU
		{C4B064DE-A49B-4B4D-BCD6-9CF62A584462}.Release|x86.Build.0 = Release|Any CPU
		{B5F6D0B7-80B4-4C8C-ACEC-83A8F14095B5}.Debug|Any CPU.ActiveCfg = Debug|Any CPU
		{B5F6D0B7-80B4-4C8C-ACEC-83A8F14095B5}.Debug|Any CPU.Build.0 = Debug|Any CPU
		{B5F6D0B7-80B4-4C8C-ACEC-83A8F14095B5}.Debug|x64.ActiveCfg = Debug|Any CPU
		{B5F6D0B7-80B4-4C8C-ACEC-83A8F14095B5}.Debug|x64.Build.0 = Debug|Any CPU
		{B5F6D0B7-80B4-4C8C-ACEC-83A8F14095B5}.Debug|x86.ActiveCfg = Debug|Any CPU
		{B5F6D0B7-80B4-4C8C-ACEC-83A8F14095B5}.Debug|x86.Build.0 = Debug|Any CPU
		{B5F6D0B7-80B4-4C8C-ACEC-83A8F14095B5}.Release|Any CPU.ActiveCfg = Release|Any CPU
		{B5F6D0B7-80B4-4C8C-ACEC-83A8F14095B5}.Release|Any CPU.Build.0 = Release|Any CPU
		{B5F6D0B7-80B4-4C8C-ACEC-83A8F14095B5}.Release|x64.ActiveCfg = Release|Any CPU
		{B5F6D0B7-80B4-4C8C-ACEC-83A8F14095B5}.Release|x64.Build.0 = Release|Any CPU
		{B5F6D0B7-80B4-4C8C-ACEC-83A8F14095B5}.Release|x86.ActiveCfg = Release|Any CPU
		{B5F6D0B7-80B4-4C8C-ACEC-83A8F14095B5}.Release|x86.Build.0 = Release|Any CPU
		{937DD95F-C3A0-4EA0-A52E-5A2280E548C8}.Debug|Any CPU.ActiveCfg = Debug|Any CPU
		{937DD95F-C3A0-4EA0-A52E-5A2280E548C8}.Debug|Any CPU.Build.0 = Debug|Any CPU
		{937DD95F-C3A0-4EA0-A52E-5A2280E548C8}.Debug|x64.ActiveCfg = Debug|Any CPU
		{937DD95F-C3A0-4EA0-A52E-5A2280E548C8}.Debug|x64.Build.0 = Debug|Any CPU
		{937DD95F-C3A0-4EA0-A52E-5A2280E548C8}.Debug|x86.ActiveCfg = Debug|Any CPU
		{937DD95F-C3A0-4EA0-A52E-5A2280E548C8}.Debug|x86.Build.0 = Debug|Any CPU
		{937DD95F-C3A0-4EA0-A52E-5A2280E548C8}.Release|Any CPU.ActiveCfg = Release|Any CPU
		{937DD95F-C3A0-4EA0-A52E-5A2280E548C8}.Release|Any CPU.Build.0 = Release|Any CPU
		{937DD95F-C3A0-4EA0-A52E-5A2280E548C8}.Release|x64.ActiveCfg = Release|Any CPU
		{937DD95F-C3A0-4EA0-A52E-5A2280E548C8}.Release|x64.Build.0 = Release|Any CPU
		{937DD95F-C3A0-4EA0-A52E-5A2280E548C8}.Release|x86.ActiveCfg = Release|Any CPU
		{937DD95F-C3A0-4EA0-A52E-5A2280E548C8}.Release|x86.Build.0 = Release|Any CPU
		{8A878F17-6A71-4814-A108-4C086D142C15}.Debug|Any CPU.ActiveCfg = Debug|Any CPU
		{8A878F17-6A71-4814-A108-4C086D142C15}.Debug|Any CPU.Build.0 = Debug|Any CPU
		{8A878F17-6A71-4814-A108-4C086D142C15}.Debug|x64.ActiveCfg = Debug|Any CPU
		{8A878F17-6A71-4814-A108-4C086D142C15}.Debug|x64.Build.0 = Debug|Any CPU
		{8A878F17-6A71-4814-A108-4C086D142C15}.Debug|x86.ActiveCfg = Debug|Any CPU
		{8A878F17-6A71-4814-A108-4C086D142C15}.Debug|x86.Build.0 = Debug|Any CPU
		{8A878F17-6A71-4814-A108-4C086D142C15}.Release|Any CPU.ActiveCfg = Release|Any CPU
		{8A878F17-6A71-4814-A108-4C086D142C15}.Release|Any CPU.Build.0 = Release|Any CPU
		{8A878F17-6A71-4814-A108-4C086D142C15}.Release|x64.ActiveCfg = Release|Any CPU
		{8A878F17-6A71-4814-A108-4C086D142C15}.Release|x64.Build.0 = Release|Any CPU
		{8A878F17-6A71-4814-A108-4C086D142C15}.Release|x86.ActiveCfg = Release|Any CPU
		{8A878F17-6A71-4814-A108-4C086D142C15}.Release|x86.Build.0 = Release|Any CPU
		{E64F2DDF-55A0-49CA-BCBF-1DDB6A47795C}.Debug|Any CPU.ActiveCfg = Debug|Any CPU
		{E64F2DDF-55A0-49CA-BCBF-1DDB6A47795C}.Debug|Any CPU.Build.0 = Debug|Any CPU
		{E64F2DDF-55A0-49CA-BCBF-1DDB6A47795C}.Debug|x64.ActiveCfg = Debug|Any CPU
		{E64F2DDF-55A0-49CA-BCBF-1DDB6A47795C}.Debug|x64.Build.0 = Debug|Any CPU
		{E64F2DDF-55A0-49CA-BCBF-1DDB6A47795C}.Debug|x86.ActiveCfg = Debug|Any CPU
		{E64F2DDF-55A0-49CA-BCBF-1DDB6A47795C}.Debug|x86.Build.0 = Debug|Any CPU
		{E64F2DDF-55A0-49CA-BCBF-1DDB6A47795C}.Release|Any CPU.ActiveCfg = Release|Any CPU
		{E64F2DDF-55A0-49CA-BCBF-1DDB6A47795C}.Release|Any CPU.Build.0 = Release|Any CPU
		{E64F2DDF-55A0-49CA-BCBF-1DDB6A47795C}.Release|x64.ActiveCfg = Release|Any CPU
		{E64F2DDF-55A0-49CA-BCBF-1DDB6A47795C}.Release|x64.Build.0 = Release|Any CPU
		{E64F2DDF-55A0-49CA-BCBF-1DDB6A47795C}.Release|x86.ActiveCfg = Release|Any CPU
		{E64F2DDF-55A0-49CA-BCBF-1DDB6A47795C}.Release|x86.Build.0 = Release|Any CPU
	EndGlobalSection
	GlobalSection(SolutionProperties) = preSolution
		HideSolutionNode = FALSE
	EndGlobalSection
	GlobalSection(NestedProjects) = preSolution
		{C4B064DE-A49B-4B4D-BCD6-9CF62A584462} = {FB16866A-48B7-4175-BBF9-6430A4C80DCA}
		{B5F6D0B7-80B4-4C8C-ACEC-83A8F14095B5} = {B376C3D9-A0A3-4ED4-A311-42BAB02677FE}
		{937DD95F-C3A0-4EA0-A52E-5A2280E548C8} = {B376C3D9-A0A3-4ED4-A311-42BAB02677FE}
		{8A878F17-6A71-4814-A108-4C086D142C15} = {B376C3D9-A0A3-4ED4-A311-42BAB02677FE}
		{E64F2DDF-55A0-49CA-BCBF-1DDB6A47795C} = {B376C3D9-A0A3-4ED4-A311-42BAB02677FE}
	EndGlobalSection
	GlobalSection(ExtensibilityGlobals) = postSolution
		SolutionGuid = {4EC54374-519C-4264-8015-91CED3601D81}
	EndGlobalSection
EndGlobal
