
Microsoft Visual Studio Solution File, Format Version 12.00
# Visual Studio 15
VisualStudioVersion = 15.0.26124.0
MinimumVisualStudioVersion = 15.0.26124.0
Project("{2150E333-8FDC-42A3-9474-1A3956D46DE8}") = "src", "src", "{B376C3D9-A0A3-4ED4-A311-42BAB02677FE}"
EndProject
Project("{FAE04EC0-301F-11D3-BF4B-00C04F79EFBC}") = "XTMF2.Web", "src\XTMF2.Web\XTMF2.Web.csproj", "{AE1B3DD6-556A-4930-851A-1ED345B075E4}"
EndProject
Project("{2150E333-8FDC-42A3-9474-1A3956D46DE8}") = "tests", "tests", "{FB16866A-48B7-4175-BBF9-6430A4C80DCA}"
EndProject
Project("{FAE04EC0-301F-11D3-BF4B-00C04F79EFBC}") = "XTMF2.Web.UnitTests", "tests\XTMF2.Web.UnitTests\XTMF2.Web.UnitTests.csproj", "{C4B064DE-A49B-4B4D-BCD6-9CF62A584462}"
EndProject
Global
	GlobalSection(SolutionConfigurationPlatforms) = preSolution
		Debug|Any CPU = Debug|Any CPU
		Debug|x64 = Debug|x64
		Debug|x86 = Debug|x86
		Release|Any CPU = Release|Any CPU
		Release|x64 = Release|x64
		Release|x86 = Release|x86
	EndGlobalSection
	GlobalSection(SolutionProperties) = preSolution
		HideSolutionNode = FALSE
	EndGlobalSection
	GlobalSection(ProjectConfigurationPlatforms) = postSolution
		{E069FAEF-8537-43E9-BE3E-25303A48B760}.Debug|Any CPU.ActiveCfg = Debug|Any CPU
		{E069FAEF-8537-43E9-BE3E-25303A48B760}.Debug|Any CPU.Build.0 = Debug|Any CPU
		{E069FAEF-8537-43E9-BE3E-25303A48B760}.Debug|x64.ActiveCfg = Debug|Any CPU
		{E069FAEF-8537-43E9-BE3E-25303A48B760}.Debug|x64.Build.0 = Debug|Any CPU
		{E069FAEF-8537-43E9-BE3E-25303A48B760}.Debug|x86.ActiveCfg = Debug|Any CPU
		{E069FAEF-8537-43E9-BE3E-25303A48B760}.Debug|x86.Build.0 = Debug|Any CPU
		{E069FAEF-8537-43E9-BE3E-25303A48B760}.Release|Any CPU.ActiveCfg = Release|Any CPU
		{E069FAEF-8537-43E9-BE3E-25303A48B760}.Release|Any CPU.Build.0 = Release|Any CPU
		{E069FAEF-8537-43E9-BE3E-25303A48B760}.Release|x64.ActiveCfg = Release|Any CPU
		{E069FAEF-8537-43E9-BE3E-25303A48B760}.Release|x64.Build.0 = Release|Any CPU
		{E069FAEF-8537-43E9-BE3E-25303A48B760}.Release|x86.ActiveCfg = Release|Any CPU
		{E069FAEF-8537-43E9-BE3E-25303A48B760}.Release|x86.Build.0 = Release|Any CPU
		{AE1B3DD6-556A-4930-851A-1ED345B075E4}.Debug|Any CPU.ActiveCfg = Debug|Any CPU
		{AE1B3DD6-556A-4930-851A-1ED345B075E4}.Debug|Any CPU.Build.0 = Debug|Any CPU
		{AE1B3DD6-556A-4930-851A-1ED345B075E4}.Debug|x64.ActiveCfg = Debug|Any CPU
		{AE1B3DD6-556A-4930-851A-1ED345B075E4}.Debug|x64.Build.0 = Debug|Any CPU
		{AE1B3DD6-556A-4930-851A-1ED345B075E4}.Debug|x86.ActiveCfg = Debug|Any CPU
		{AE1B3DD6-556A-4930-851A-1ED345B075E4}.Debug|x86.Build.0 = Debug|Any CPU
		{AE1B3DD6-556A-4930-851A-1ED345B075E4}.Release|Any CPU.ActiveCfg = Release|Any CPU
		{AE1B3DD6-556A-4930-851A-1ED345B075E4}.Release|Any CPU.Build.0 = Release|Any CPU
		{AE1B3DD6-556A-4930-851A-1ED345B075E4}.Release|x64.ActiveCfg = Release|Any CPU
		{AE1B3DD6-556A-4930-851A-1ED345B075E4}.Release|x64.Build.0 = Release|Any CPU
		{AE1B3DD6-556A-4930-851A-1ED345B075E4}.Release|x86.ActiveCfg = Release|Any CPU
		{AE1B3DD6-556A-4930-851A-1ED345B075E4}.Release|x86.Build.0 = Release|Any CPU
		{C4B064DE-A49B-4B4D-BCD6-9CF62A584462}.Debug|Any CPU.ActiveCfg = Debug|Any CPU
		{C4B064DE-A49B-4B4D-BCD6-9CF62A584462}.Debug|Any CPU.Build.0 = Debug|Any CPU
		{C4B064DE-A49B-4B4D-BCD6-9CF62A584462}.Debug|x64.ActiveCfg = Debug|Any CPU
		{C4B064DE-A49B-4B4D-BCD6-9CF62A584462}.Debug|x64.Build.0 = Debug|Any CPU
		{C4B064DE-A49B-4B4D-BCD6-9CF62A584462}.Debug|x86.ActiveCfg = Debug|Any CPU
		{C4B064DE-A49B-4B4D-BCD6-9CF62A584462}.Debug|x86.Build.0 = Debug|Any CPU
		{C4B064DE-A49B-4B4D-BCD6-9CF62A584462}.Release|Any CPU.ActiveCfg = Release|Any CPU
		{C4B064DE-A49B-4B4D-BCD6-9CF62A584462}.Release|Any CPU.Build.0 = Release|Any CPU
		{C4B064DE-A49B-4B4D-BCD6-9CF62A584462}.Release|x64.ActiveCfg = Release|Any CPU
		{C4B064DE-A49B-4B4D-BCD6-9CF62A584462}.Release|x64.Build.0 = Release|Any CPU
		{C4B064DE-A49B-4B4D-BCD6-9CF62A584462}.Release|x86.ActiveCfg = Release|Any CPU
		{C4B064DE-A49B-4B4D-BCD6-9CF62A584462}.Release|x86.Build.0 = Release|Any CPU
	EndGlobalSection
	GlobalSection(NestedProjects) = preSolution
		{AE1B3DD6-556A-4930-851A-1ED345B075E4} = {B376C3D9-A0A3-4ED4-A311-42BAB02677FE}
		{C4B064DE-A49B-4B4D-BCD6-9CF62A584462} = {FB16866A-48B7-4175-BBF9-6430A4C80DCA}
	EndGlobalSection
EndGlobal
